
Microsoft Visual Studio Solution File, Format Version 12.00
# Visual Studio 15
VisualStudioVersion = 15.0.26730.16
MinimumVisualStudioVersion = 10.0.40219.1
Project("{FAE04EC0-301F-11D3-BF4B-00C04F79EFBC}") = "ToolsLibrary", "ToolsLibrary\ToolsLibrary.csproj", "{9D4B81C1-F804-4852-9F16-7C35FD7E0A71}"
EndProject
Project("{FAE04EC0-301F-11D3-BF4B-00C04F79EFBC}") = "9.21", "9.21\9.21.csproj", "{F7A92365-C75A-4E7C-9680-4165D610ED20}"
EndProject
Project("{FAE04EC0-301F-11D3-BF4B-00C04F79EFBC}") = "7.21", "7.21\7.21.csproj", "{0B5BE782-A83F-4BB8-AE36-E8E7F0B6D12F}"
EndProject
Project("{FAE04EC0-301F-11D3-BF4B-00C04F79EFBC}") = "8.21", "8.21\8.21.csproj", "{B56067EE-2669-4A1D-9AF3-E7787182B319}"
EndProject
Project("{FAE04EC0-301F-11D3-BF4B-00C04F79EFBC}") = "DataGridLibrary", "DataGridLibrary\DataGridLibrary.csproj", "{81AD99C2-D754-4EF1-AD68-C9DA8CE6B247}"
EndProject
Project("{FAE04EC0-301F-11D3-BF4B-00C04F79EFBC}") = "Console 9.21", "Console 9.21\Console 9.21.csproj", "{E634AFD4-3210-472A-AB90-0E0E40243925}"
EndProject
Project("{FAE04EC0-301F-11D3-BF4B-00C04F79EFBC}") = "7.53", "7.53\7.53.csproj", "{5E5A98A0-ABCE-4DE3-B576-2B42FE36E503}"
EndProject
Project("{FAE04EC0-301F-11D3-BF4B-00C04F79EFBC}") = "9.53", "9.53\9.53.csproj", "{06C1B3C5-AC26-4CA1-8860-7579CF5E467C}"
EndProject
Project("{FAE04EC0-301F-11D3-BF4B-00C04F79EFBC}") = "Console 9.53", "Console 9.53\Console 9.53.csproj", "{81B66B62-3433-4CC9-B8D5-A0B3D40C82D6}"
EndProject
Global
	GlobalSection(SolutionConfigurationPlatforms) = preSolution
		Debug|Any CPU = Debug|Any CPU
		Release|Any CPU = Release|Any CPU
	EndGlobalSection
	GlobalSection(ProjectConfigurationPlatforms) = postSolution
		{9D4B81C1-F804-4852-9F16-7C35FD7E0A71}.Debug|Any CPU.ActiveCfg = Debug|Any CPU
		{9D4B81C1-F804-4852-9F16-7C35FD7E0A71}.Debug|Any CPU.Build.0 = Debug|Any CPU
		{9D4B81C1-F804-4852-9F16-7C35FD7E0A71}.Release|Any CPU.ActiveCfg = Release|Any CPU
		{9D4B81C1-F804-4852-9F16-7C35FD7E0A71}.Release|Any CPU.Build.0 = Release|Any CPU
		{F7A92365-C75A-4E7C-9680-4165D610ED20}.Debug|Any CPU.ActiveCfg = Debug|Any CPU
		{F7A92365-C75A-4E7C-9680-4165D610ED20}.Debug|Any CPU.Build.0 = Debug|Any CPU
		{F7A92365-C75A-4E7C-9680-4165D610ED20}.Release|Any CPU.ActiveCfg = Release|Any CPU
		{F7A92365-C75A-4E7C-9680-4165D610ED20}.Release|Any CPU.Build.0 = Release|Any CPU
		{0B5BE782-A83F-4BB8-AE36-E8E7F0B6D12F}.Debug|Any CPU.ActiveCfg = Debug|Any CPU
		{0B5BE782-A83F-4BB8-AE36-E8E7F0B6D12F}.Debug|Any CPU.Build.0 = Debug|Any CPU
		{0B5BE782-A83F-4BB8-AE36-E8E7F0B6D12F}.Release|Any CPU.ActiveCfg = Release|Any CPU
		{0B5BE782-A83F-4BB8-AE36-E8E7F0B6D12F}.Release|Any CPU.Build.0 = Release|Any CPU
		{B56067EE-2669-4A1D-9AF3-E7787182B319}.Debug|Any CPU.ActiveCfg = Debug|Any CPU
		{B56067EE-2669-4A1D-9AF3-E7787182B319}.Debug|Any CPU.Build.0 = Debug|Any CPU
		{B56067EE-2669-4A1D-9AF3-E7787182B319}.Release|Any CPU.ActiveCfg = Release|Any CPU
		{B56067EE-2669-4A1D-9AF3-E7787182B319}.Release|Any CPU.Build.0 = Release|Any CPU
		{81AD99C2-D754-4EF1-AD68-C9DA8CE6B247}.Debug|Any CPU.ActiveCfg = Debug|Any CPU
		{81AD99C2-D754-4EF1-AD68-C9DA8CE6B247}.Debug|Any CPU.Build.0 = Debug|Any CPU
		{81AD99C2-D754-4EF1-AD68-C9DA8CE6B247}.Release|Any CPU.ActiveCfg = Release|Any CPU
		{81AD99C2-D754-4EF1-AD68-C9DA8CE6B247}.Release|Any CPU.Build.0 = Release|Any CPU
		{E634AFD4-3210-472A-AB90-0E0E40243925}.Debug|Any CPU.ActiveCfg = Debug|Any CPU
		{E634AFD4-3210-472A-AB90-0E0E40243925}.Debug|Any CPU.Build.0 = Debug|Any CPU
		{E634AFD4-3210-472A-AB90-0E0E40243925}.Release|Any CPU.ActiveCfg = Release|Any CPU
		{E634AFD4-3210-472A-AB90-0E0E40243925}.Release|Any CPU.Build.0 = Release|Any CPU
		{5E5A98A0-ABCE-4DE3-B576-2B42FE36E503}.Debug|Any CPU.ActiveCfg = Debug|Any CPU
		{5E5A98A0-ABCE-4DE3-B576-2B42FE36E503}.Debug|Any CPU.Build.0 = Debug|Any CPU
		{5E5A98A0-ABCE-4DE3-B576-2B42FE36E503}.Release|Any CPU.ActiveCfg = Release|Any CPU
		{5E5A98A0-ABCE-4DE3-B576-2B42FE36E503}.Release|Any CPU.Build.0 = Release|Any CPU
		{06C1B3C5-AC26-4CA1-8860-7579CF5E467C}.Debug|Any CPU.ActiveCfg = Debug|Any CPU
		{06C1B3C5-AC26-4CA1-8860-7579CF5E467C}.Debug|Any CPU.Build.0 = Debug|Any CPU
		{06C1B3C5-AC26-4CA1-8860-7579CF5E467C}.Release|Any CPU.ActiveCfg = Release|Any CPU
		{06C1B3C5-AC26-4CA1-8860-7579CF5E467C}.Release|Any CPU.Build.0 = Release|Any CPU
		{81B66B62-3433-4CC9-B8D5-A0B3D40C82D6}.Debug|Any CPU.ActiveCfg = Debug|Any CPU
		{81B66B62-3433-4CC9-B8D5-A0B3D40C82D6}.Debug|Any CPU.Build.0 = Debug|Any CPU
		{81B66B62-3433-4CC9-B8D5-A0B3D40C82D6}.Release|Any CPU.ActiveCfg = Release|Any CPU
		{81B66B62-3433-4CC9-B8D5-A0B3D40C82D6}.Release|Any CPU.Build.0 = Release|Any CPU
	EndGlobalSection
	GlobalSection(SolutionProperties) = preSolution
		HideSolutionNode = FALSE
	EndGlobalSection
	GlobalSection(ExtensibilityGlobals) = postSolution
		SolutionGuid = {4E7E4519-F960-43CE-AC82-E3A7769F2D90}
	EndGlobalSection
EndGlobal
